github.com/petar/GoLLRB v0.0.0-20210522233825-ae3b015fd3e9 h1:1/WtZae0yGtPq+TI6+Tv1WTxkukpXeMlviSxvL7SRgk=
github.com/petar/GoLLRB v0.0.0-20210522233825-ae3b015fd3e9/go.mod h1:x3N5drFsm2uilKKuuYo6LdyD8vZAW55sH/9w+pbo1sw=
github.com/tunabay/go-infounit v1.1.3 h1:3Tjl60DnWLLyYJc1mlEp+JGORA++tbRVfURNHvpO6+s=
github.com/tunabay/go-infounit v1.1.3/go.mod h1:XLnA60NwPAzZAgPFLngLiQ6oQ9ibk4iRum0hwv2ykrM=
gopkg.in/yaml.v2 v2.4.0 h1:D8xgwECY7CYvx+Y2n4sBz93Jn9JRvxdiyyo8CTfuKaY=
